// !$*UTF8*$!
{
	archiveVersion = 1;
	classes = {
	};
	objectVersion = 55;
	objects = {

/* Begin PBXBuildFile section */
		88A553C5209CA2FA82A3DC89 /* Pods_RoutineMaker.framework in Frameworks */ = {isa = PBXBuildFile; fileRef = 8FB2FE32F2AEC3F8124AAC48 /* Pods_RoutineMaker.framework */; };
		F000A54227B0E5ED000C880F /* UITextField.swift in Sources */ = {isa = PBXBuildFile; fileRef = F000A54127B0E5ED000C880F /* UITextField.swift */; };
		F010E28027B4CF350079BD4B /* EventTableViewCell.swift in Sources */ = {isa = PBXBuildFile; fileRef = F010E27E27B4CF350079BD4B /* EventTableViewCell.swift */; };
		F010E28127B4CF350079BD4B /* EventTableViewCell.xib in Resources */ = {isa = PBXBuildFile; fileRef = F010E27F27B4CF350079BD4B /* EventTableViewCell.xib */; };
		F010E28527B4D92F0079BD4B /* Event.swift in Sources */ = {isa = PBXBuildFile; fileRef = F010E28427B4D92F0079BD4B /* Event.swift */; };
		F0115EB227AFEECF00426E5A /* AppDelegate.swift in Sources */ = {isa = PBXBuildFile; fileRef = F0115EB127AFEECF00426E5A /* AppDelegate.swift */; };
		F0115EB427AFEECF00426E5A /* SceneDelegate.swift in Sources */ = {isa = PBXBuildFile; fileRef = F0115EB327AFEECF00426E5A /* SceneDelegate.swift */; };
		F0115EB627AFEECF00426E5A /* MainViewController.swift in Sources */ = {isa = PBXBuildFile; fileRef = F0115EB527AFEECF00426E5A /* MainViewController.swift */; };
		F0115EB927AFEECF00426E5A /* Main.storyboard in Resources */ = {isa = PBXBuildFile; fileRef = F0115EB727AFEECF00426E5A /* Main.storyboard */; };
		F0115EBB27AFEED000426E5A /* Assets.xcassets in Resources */ = {isa = PBXBuildFile; fileRef = F0115EBA27AFEED000426E5A /* Assets.xcassets */; };
		F0115EBE27AFEED000426E5A /* LaunchScreen.storyboard in Resources */ = {isa = PBXBuildFile; fileRef = F0115EBC27AFEED000426E5A /* LaunchScreen.storyboard */; };
		F0115EC627AFFE2300426E5A /* AchievementViewController.swift in Sources */ = {isa = PBXBuildFile; fileRef = F0115EC527AFFE2300426E5A /* AchievementViewController.swift */; };
		F0115EC827AFFE3400426E5A /* SettingViewController.swift in Sources */ = {isa = PBXBuildFile; fileRef = F0115EC727AFFE3400426E5A /* SettingViewController.swift */; };
		F0115ECA27B0D9C100426E5A /* AddEventViewController.swift in Sources */ = {isa = PBXBuildFile; fileRef = F0115EC927B0D9C100426E5A /* AddEventViewController.swift */; };
		F022D9A2280ACBD900D623B3 /* EventRepository.swift in Sources */ = {isa = PBXBuildFile; fileRef = F022D9A1280ACBD900D623B3 /* EventRepository.swift */; };
		F022D9A4280ACC0D00D623B3 /* AchievementRepository.swift in Sources */ = {isa = PBXBuildFile; fileRef = F022D9A3280ACC0C00D623B3 /* AchievementRepository.swift */; };
		F022D9A6280ACD3800D623B3 /* EventListUseCase.swift in Sources */ = {isa = PBXBuildFile; fileRef = F022D9A5280ACD3800D623B3 /* EventListUseCase.swift */; };
		F022D9A8280AD66B00D623B3 /* EventList.swift in Sources */ = {isa = PBXBuildFile; fileRef = F022D9A7280AD66B00D623B3 /* EventList.swift */; };
		F0303466282CEB68000B7BAB /* EventHeaderFooterView.swift in Sources */ = {isa = PBXBuildFile; fileRef = F0303465282CEB68000B7BAB /* EventHeaderFooterView.swift */; };
		F088930D27E2246F006ACFCD /* AddEventViewModel.swift in Sources */ = {isa = PBXBuildFile; fileRef = F088930C27E2246F006ACFCD /* AddEventViewModel.swift */; };
		F09CE9502807DE0D006AA586 /* AchievementViewModel.swift in Sources */ = {isa = PBXBuildFile; fileRef = F09CE94F2807DE0D006AA586 /* AchievementViewModel.swift */; };
		F0A1B62028080B7200D0C77A /* MainViewModel.swift in Sources */ = {isa = PBXBuildFile; fileRef = F0A1B61F28080B7200D0C77A /* MainViewModel.swift */; };
		F0BE23C1282BD9E80092C23B /* Array.swift in Sources */ = {isa = PBXBuildFile; fileRef = F0BE23C0282BD9E80092C23B /* Array.swift */; };
		F0BE23C3282BDA7D0092C23B /* EventListCellViewModel.swift in Sources */ = {isa = PBXBuildFile; fileRef = F0BE23C2282BDA7D0092C23B /* EventListCellViewModel.swift */; };
		F0BE23C6282BDBDF0092C23B /* DIContainer.swift in Sources */ = {isa = PBXBuildFile; fileRef = F0BE23C5282BDBDF0092C23B /* DIContainer.swift */; };
		F0C26EBF28215DCF00751D71 /* GoogleService-Info.plist in Resources */ = {isa = PBXBuildFile; fileRef = F0C26EBE28215DCF00751D71 /* GoogleService-Info.plist */; };
		F0FFC7C427D5D9000059CFC2 /* DayAchievement.swift in Sources */ = {isa = PBXBuildFile; fileRef = F0FFC7C327D5D9000059CFC2 /* DayAchievement.swift */; };
/* End PBXBuildFile section */

/* Begin PBXFileReference section */
		87F05804AFEAB155A2109547 /* Pods-RoutineMaker.debug.xcconfig */ = {isa = PBXFileReference; includeInIndex = 1; lastKnownFileType = text.xcconfig; name = "Pods-RoutineMaker.debug.xcconfig"; path = "Target Support Files/Pods-RoutineMaker/Pods-RoutineMaker.debug.xcconfig"; sourceTree = "<group>"; };
		8FB2FE32F2AEC3F8124AAC48 /* Pods_RoutineMaker.framework */ = {isa = PBXFileReference; explicitFileType = wrapper.framework; includeInIndex = 0; path = Pods_RoutineMaker.framework; sourceTree = BUILT_PRODUCTS_DIR; };
		C2FB674E738971BF396DA742 /* Pods-RoutineMaker.release.xcconfig */ = {isa = PBXFileReference; includeInIndex = 1; lastKnownFileType = text.xcconfig; name = "Pods-RoutineMaker.release.xcconfig"; path = "Target Support Files/Pods-RoutineMaker/Pods-RoutineMaker.release.xcconfig"; sourceTree = "<group>"; };
		F000A54127B0E5ED000C880F /* UITextField.swift */ = {isa = PBXFileReference; lastKnownFileType = sourcecode.swift; path = UITextField.swift; sourceTree = "<group>"; };
		F010E27E27B4CF350079BD4B /* EventTableViewCell.swift */ = {isa = PBXFileReference; lastKnownFileType = sourcecode.swift; path = EventTableViewCell.swift; sourceTree = "<group>"; };
		F010E27F27B4CF350079BD4B /* EventTableViewCell.xib */ = {isa = PBXFileReference; lastKnownFileType = file.xib; path = EventTableViewCell.xib; sourceTree = "<group>"; };
		F010E28427B4D92F0079BD4B /* Event.swift */ = {isa = PBXFileReference; lastKnownFileType = sourcecode.swift; path = Event.swift; sourceTree = "<group>"; };
		F0115EAE27AFEECF00426E5A /* RoutineMaker.app */ = {isa = PBXFileReference; explicitFileType = wrapper.application; includeInIndex = 0; path = RoutineMaker.app; sourceTree = BUILT_PRODUCTS_DIR; };
		F0115EB127AFEECF00426E5A /* AppDelegate.swift */ = {isa = PBXFileReference; lastKnownFileType = sourcecode.swift; path = AppDelegate.swift; sourceTree = "<group>"; };
		F0115EB327AFEECF00426E5A /* SceneDelegate.swift */ = {isa = PBXFileReference; lastKnownFileType = sourcecode.swift; path = SceneDelegate.swift; sourceTree = "<group>"; };
		F0115EB527AFEECF00426E5A /* MainViewController.swift */ = {isa = PBXFileReference; lastKnownFileType = sourcecode.swift; path = MainViewController.swift; sourceTree = "<group>"; };
		F0115EB827AFEECF00426E5A /* Base */ = {isa = PBXFileReference; lastKnownFileType = file.storyboard; name = Base; path = Base.lproj/Main.storyboard; sourceTree = "<group>"; };
		F0115EBA27AFEED000426E5A /* Assets.xcassets */ = {isa = PBXFileReference; lastKnownFileType = folder.assetcatalog; path = Assets.xcassets; sourceTree = "<group>"; };
		F0115EBD27AFEED000426E5A /* Base */ = {isa = PBXFileReference; lastKnownFileType = file.storyboard; name = Base; path = Base.lproj/LaunchScreen.storyboard; sourceTree = "<group>"; };
		F0115EBF27AFEED000426E5A /* Info.plist */ = {isa = PBXFileReference; lastKnownFileType = text.plist.xml; path = Info.plist; sourceTree = "<group>"; };
		F0115EC527AFFE2300426E5A /* AchievementViewController.swift */ = {isa = PBXFileReference; lastKnownFileType = sourcecode.swift; path = AchievementViewController.swift; sourceTree = "<group>"; };
		F0115EC727AFFE3400426E5A /* SettingViewController.swift */ = {isa = PBXFileReference; lastKnownFileType = sourcecode.swift; path = SettingViewController.swift; sourceTree = "<group>"; };
		F0115EC927B0D9C100426E5A /* AddEventViewController.swift */ = {isa = PBXFileReference; lastKnownFileType = sourcecode.swift; path = AddEventViewController.swift; sourceTree = "<group>"; };
		F022D9A1280ACBD900D623B3 /* EventRepository.swift */ = {isa = PBXFileReference; lastKnownFileType = sourcecode.swift; path = EventRepository.swift; sourceTree = "<group>"; };
		F022D9A3280ACC0C00D623B3 /* AchievementRepository.swift */ = {isa = PBXFileReference; lastKnownFileType = sourcecode.swift; path = AchievementRepository.swift; sourceTree = "<group>"; };
		F022D9A5280ACD3800D623B3 /* EventListUseCase.swift */ = {isa = PBXFileReference; lastKnownFileType = sourcecode.swift; path = EventListUseCase.swift; sourceTree = "<group>"; };
		F022D9A7280AD66B00D623B3 /* EventList.swift */ = {isa = PBXFileReference; lastKnownFileType = sourcecode.swift; path = EventList.swift; sourceTree = "<group>"; };
		F0303465282CEB68000B7BAB /* EventHeaderFooterView.swift */ = {isa = PBXFileReference; lastKnownFileType = sourcecode.swift; path = EventHeaderFooterView.swift; sourceTree = "<group>"; };
		F088930C27E2246F006ACFCD /* AddEventViewModel.swift */ = {isa = PBXFileReference; lastKnownFileType = sourcecode.swift; path = AddEventViewModel.swift; sourceTree = "<group>"; };
		F09CE94F2807DE0D006AA586 /* AchievementViewModel.swift */ = {isa = PBXFileReference; lastKnownFileType = sourcecode.swift; path = AchievementViewModel.swift; sourceTree = "<group>"; };
		F0A1B61F28080B7200D0C77A /* MainViewModel.swift */ = {isa = PBXFileReference; lastKnownFileType = sourcecode.swift; path = MainViewModel.swift; sourceTree = "<group>"; };
		F0BE23C0282BD9E80092C23B /* Array.swift */ = {isa = PBXFileReference; lastKnownFileType = sourcecode.swift; path = Array.swift; sourceTree = "<group>"; };
		F0BE23C2282BDA7D0092C23B /* EventListCellViewModel.swift */ = {isa = PBXFileReference; lastKnownFileType = sourcecode.swift; path = EventListCellViewModel.swift; sourceTree = "<group>"; };
		F0BE23C5282BDBDF0092C23B /* DIContainer.swift */ = {isa = PBXFileReference; lastKnownFileType = sourcecode.swift; path = DIContainer.swift; sourceTree = "<group>"; };
		F0C26EBE28215DCF00751D71 /* GoogleService-Info.plist */ = {isa = PBXFileReference; fileEncoding = 4; lastKnownFileType = text.plist.xml; path = "GoogleService-Info.plist"; sourceTree = "<group>"; };
		F0FFC7C327D5D9000059CFC2 /* DayAchievement.swift */ = {isa = PBXFileReference; lastKnownFileType = sourcecode.swift; path = DayAchievement.swift; sourceTree = "<group>"; };
/* End PBXFileReference section */

/* Begin PBXFrameworksBuildPhase section */
		F0115EAB27AFEECF00426E5A /* Frameworks */ = {
			isa = PBXFrameworksBuildPhase;
			buildActionMask = 2147483647;
			files = (
				88A553C5209CA2FA82A3DC89 /* Pods_RoutineMaker.framework in Frameworks */,
			);
			runOnlyForDeploymentPostprocessing = 0;
		};
/* End PBXFrameworksBuildPhase section */

/* Begin PBXGroup section */
		005F6F9EA6F5494CF87CBE47 /* Pods */ = {
			isa = PBXGroup;
			children = (
				87F05804AFEAB155A2109547 /* Pods-RoutineMaker.debug.xcconfig */,
				C2FB674E738971BF396DA742 /* Pods-RoutineMaker.release.xcconfig */,
			);
			path = Pods;
			sourceTree = "<group>";
		};
		13F266DB5CD23C566EB194A8 /* Frameworks */ = {
			isa = PBXGroup;
			children = (
				8FB2FE32F2AEC3F8124AAC48 /* Pods_RoutineMaker.framework */,
			);
			name = Frameworks;
			sourceTree = "<group>";
		};
		F010E27627B29DBB0079BD4B /* Extension */ = {
			isa = PBXGroup;
			children = (
				F000A54127B0E5ED000C880F /* UITextField.swift */,
				F0BE23C0282BD9E80092C23B /* Array.swift */,
			);
			path = Extension;
			sourceTree = "<group>";
		};
		F010E27727B29E190079BD4B /* Presentation */ = {
			isa = PBXGroup;
			children = (
				F010E27827B29E340079BD4B /* MainView */,
				F010E27A27B29E660079BD4B /* AchievementView */,
				F010E27B27B29E770079BD4B /* SettingView */,
			);
			path = Presentation;
			sourceTree = "<group>";
		};
		F010E27827B29E340079BD4B /* MainView */ = {
			isa = PBXGroup;
			children = (
				F0115EB527AFEECF00426E5A /* MainViewController.swift */,
				F0A1B61F28080B7200D0C77A /* MainViewModel.swift */,
				F0BE23C2282BDA7D0092C23B /* EventListCellViewModel.swift */,
				F010E27927B29E4D0079BD4B /* AddEvent */,
				F010E28327B4CF810079BD4B /* EventCell */,
				F010E28B27B4FB660079BD4B /* EventHeaderFooter */,
			);
			path = MainView;
			sourceTree = "<group>";
		};
		F010E27927B29E4D0079BD4B /* AddEvent */ = {
			isa = PBXGroup;
			children = (
				F0115EC927B0D9C100426E5A /* AddEventViewController.swift */,
				F088930C27E2246F006ACFCD /* AddEventViewModel.swift */,
			);
			path = AddEvent;
			sourceTree = "<group>";
		};
		F010E27A27B29E660079BD4B /* AchievementView */ = {
			isa = PBXGroup;
			children = (
				F0115EC527AFFE2300426E5A /* AchievementViewController.swift */,
				F09CE94F2807DE0D006AA586 /* AchievementViewModel.swift */,
			);
			path = AchievementView;
			sourceTree = "<group>";
		};
		F010E27B27B29E770079BD4B /* SettingView */ = {
			isa = PBXGroup;
			children = (
				F0115EC727AFFE3400426E5A /* SettingViewController.swift */,
			);
			path = SettingView;
			sourceTree = "<group>";
		};
		F010E28327B4CF810079BD4B /* EventCell */ = {
			isa = PBXGroup;
			children = (
				F010E27E27B4CF350079BD4B /* EventTableViewCell.swift */,
				F010E27F27B4CF350079BD4B /* EventTableViewCell.xib */,
			);
			path = EventCell;
			sourceTree = "<group>";
		};
		F010E28627B4D9370079BD4B /* Entity */ = {
			isa = PBXGroup;
			children = (
				F010E28427B4D92F0079BD4B /* Event.swift */,
				F0FFC7C327D5D9000059CFC2 /* DayAchievement.swift */,
				F022D9A7280AD66B00D623B3 /* EventList.swift */,
			);
			path = Entity;
			sourceTree = "<group>";
		};
		F010E28B27B4FB660079BD4B /* EventHeaderFooter */ = {
			isa = PBXGroup;
			children = (
				F0303465282CEB68000B7BAB /* EventHeaderFooterView.swift */,
			);
			path = EventHeaderFooter;
			sourceTree = "<group>";
		};
		F0115EA527AFEECF00426E5A = {
			isa = PBXGroup;
			children = (
				F0115EB027AFEECF00426E5A /* RoutineMaker */,
				F0115EAF27AFEECF00426E5A /* Products */,
				005F6F9EA6F5494CF87CBE47 /* Pods */,
				13F266DB5CD23C566EB194A8 /* Frameworks */,
			);
			sourceTree = "<group>";
		};
		F0115EAF27AFEECF00426E5A /* Products */ = {
			isa = PBXGroup;
			children = (
				F0115EAE27AFEECF00426E5A /* RoutineMaker.app */,
			);
			name = Products;
			sourceTree = "<group>";
		};
		F0115EB027AFEECF00426E5A /* RoutineMaker */ = {
			isa = PBXGroup;
			children = (
				F0BE23C4282BDBC40092C23B /* Common */,
				F010E27727B29E190079BD4B /* Presentation */,
				F010E28627B4D9370079BD4B /* Entity */,
				F022D99E280ACAC500D623B3 /* Domain */,
				F022D99F280ACADA00D623B3 /* Repository */,
				F010E27627B29DBB0079BD4B /* Extension */,
				F0115EB127AFEECF00426E5A /* AppDelegate.swift */,
				F0115EB327AFEECF00426E5A /* SceneDelegate.swift */,
				F0115EB727AFEECF00426E5A /* Main.storyboard */,
				F0115EBA27AFEED000426E5A /* Assets.xcassets */,
				F0115EBC27AFEED000426E5A /* LaunchScreen.storyboard */,
				F0115EBF27AFEED000426E5A /* Info.plist */,
				F0C26EBE28215DCF00751D71 /* GoogleService-Info.plist */,
			);
			path = RoutineMaker;
			sourceTree = "<group>";
		};
		F022D99E280ACAC500D623B3 /* Domain */ = {
			isa = PBXGroup;
			children = (
				F022D9A5280ACD3800D623B3 /* EventListUseCase.swift */,
			);
			path = Domain;
			sourceTree = "<group>";
		};
		F022D99F280ACADA00D623B3 /* Repository */ = {
			isa = PBXGroup;
			children = (
				F022D9A1280ACBD900D623B3 /* EventRepository.swift */,
				F022D9A3280ACC0C00D623B3 /* AchievementRepository.swift */,
			);
			path = Repository;
			sourceTree = "<group>";
		};
		F0BE23C4282BDBC40092C23B /* Common */ = {
			isa = PBXGroup;
			children = (
				F0BE23C5282BDBDF0092C23B /* DIContainer.swift */,
			);
			path = Common;
			sourceTree = "<group>";
		};
/* End PBXGroup section */

/* Begin PBXNativeTarget section */
		F0115EAD27AFEECF00426E5A /* RoutineMaker */ = {
			isa = PBXNativeTarget;
			buildConfigurationList = F0115EC227AFEED000426E5A /* Build configuration list for PBXNativeTarget "RoutineMaker" */;
			buildPhases = (
				40C70086DC78E4D0E060DA0E /* [CP] Check Pods Manifest.lock */,
				F0115EAA27AFEECF00426E5A /* Sources */,
				F0115EAB27AFEECF00426E5A /* Frameworks */,
				F0115EAC27AFEECF00426E5A /* Resources */,
				239F741557EA12326CAD1934 /* [CP] Embed Pods Frameworks */,
			);
			buildRules = (
			);
			dependencies = (
			);
			name = RoutineMaker;
			productName = RoutineMaker;
			productReference = F0115EAE27AFEECF00426E5A /* RoutineMaker.app */;
			productType = "com.apple.product-type.application";
		};
/* End PBXNativeTarget section */

/* Begin PBXProject section */
		F0115EA627AFEECF00426E5A /* Project object */ = {
			isa = PBXProject;
			attributes = {
				BuildIndependentTargetsInParallel = 1;
				LastSwiftUpdateCheck = 1320;
				LastUpgradeCheck = 1320;
				TargetAttributes = {
					F0115EAD27AFEECF00426E5A = {
						CreatedOnToolsVersion = 13.2.1;
					};
				};
			};
			buildConfigurationList = F0115EA927AFEECF00426E5A /* Build configuration list for PBXProject "RoutineMaker" */;
			compatibilityVersion = "Xcode 13.0";
			developmentRegion = en;
			hasScannedForEncodings = 0;
			knownRegions = (
				en,
				Base,
			);
			mainGroup = F0115EA527AFEECF00426E5A;
			productRefGroup = F0115EAF27AFEECF00426E5A /* Products */;
			projectDirPath = "";
			projectRoot = "";
			targets = (
				F0115EAD27AFEECF00426E5A /* RoutineMaker */,
			);
		};
/* End PBXProject section */

/* Begin PBXResourcesBuildPhase section */
		F0115EAC27AFEECF00426E5A /* Resources */ = {
			isa = PBXResourcesBuildPhase;
			buildActionMask = 2147483647;
			files = (
				F010E28127B4CF350079BD4B /* EventTableViewCell.xib in Resources */,
				F0115EBE27AFEED000426E5A /* LaunchScreen.storyboard in Resources */,
				F0115EBB27AFEED000426E5A /* Assets.xcassets in Resources */,
				F0115EB927AFEECF00426E5A /* Main.storyboard in Resources */,
				F0C26EBF28215DCF00751D71 /* GoogleService-Info.plist in Resources */,
			);
			runOnlyForDeploymentPostprocessing = 0;
		};
/* End PBXResourcesBuildPhase section */

/* Begin PBXShellScriptBuildPhase section */
		239F741557EA12326CAD1934 /* [CP] Embed Pods Frameworks */ = {
			isa = PBXShellScriptBuildPhase;
			buildActionMask = 2147483647;
			files = (
			);
			inputFileListPaths = (
				"${PODS_ROOT}/Target Support Files/Pods-RoutineMaker/Pods-RoutineMaker-frameworks-${CONFIGURATION}-input-files.xcfilelist",
			);
			name = "[CP] Embed Pods Frameworks";
			outputFileListPaths = (
				"${PODS_ROOT}/Target Support Files/Pods-RoutineMaker/Pods-RoutineMaker-frameworks-${CONFIGURATION}-output-files.xcfilelist",
			);
			runOnlyForDeploymentPostprocessing = 0;
			shellPath = /bin/sh;
			shellScript = "\"${PODS_ROOT}/Target Support Files/Pods-RoutineMaker/Pods-RoutineMaker-frameworks.sh\"\n";
			showEnvVarsInLog = 0;
		};
		40C70086DC78E4D0E060DA0E /* [CP] Check Pods Manifest.lock */ = {
			isa = PBXShellScriptBuildPhase;
			buildActionMask = 2147483647;
			files = (
			);
			inputFileListPaths = (
			);
			inputPaths = (
				"${PODS_PODFILE_DIR_PATH}/Podfile.lock",
				"${PODS_ROOT}/Manifest.lock",
			);
			name = "[CP] Check Pods Manifest.lock";
			outputFileListPaths = (
			);
			outputPaths = (
				"$(DERIVED_FILE_DIR)/Pods-RoutineMaker-checkManifestLockResult.txt",
			);
			runOnlyForDeploymentPostprocessing = 0;
			shellPath = /bin/sh;
			shellScript = "diff \"${PODS_PODFILE_DIR_PATH}/Podfile.lock\" \"${PODS_ROOT}/Manifest.lock\" > /dev/null\nif [ $? != 0 ] ; then\n    # print error to STDERR\n    echo \"error: The sandbox is not in sync with the Podfile.lock. Run 'pod install' or update your CocoaPods installation.\" >&2\n    exit 1\nfi\n# This output is used by Xcode 'outputs' to avoid re-running this script phase.\necho \"SUCCESS\" > \"${SCRIPT_OUTPUT_FILE_0}\"\n";
			showEnvVarsInLog = 0;
		};
/* End PBXShellScriptBuildPhase section */

/* Begin PBXSourcesBuildPhase section */
		F0115EAA27AFEECF00426E5A /* Sources */ = {
			isa = PBXSourcesBuildPhase;
			buildActionMask = 2147483647;
			files = (
				F010E28027B4CF350079BD4B /* EventTableViewCell.swift in Sources */,
				F022D9A2280ACBD900D623B3 /* EventRepository.swift in Sources */,
				F010E28527B4D92F0079BD4B /* Event.swift in Sources */,
				F022D9A8280AD66B00D623B3 /* EventList.swift in Sources */,
				F088930D27E2246F006ACFCD /* AddEventViewModel.swift in Sources */,
				F0BE23C3282BDA7D0092C23B /* EventListCellViewModel.swift in Sources */,
				F0115EC827AFFE3400426E5A /* SettingViewController.swift in Sources */,
				F0BE23C6282BDBDF0092C23B /* DIContainer.swift in Sources */,
				F0A1B62028080B7200D0C77A /* MainViewModel.swift in Sources */,
				F0115ECA27B0D9C100426E5A /* AddEventViewController.swift in Sources */,
				F000A54227B0E5ED000C880F /* UITextField.swift in Sources */,
				F0BE23C1282BD9E80092C23B /* Array.swift in Sources */,
				F0FFC7C427D5D9000059CFC2 /* DayAchievement.swift in Sources */,
				F0303466282CEB68000B7BAB /* EventHeaderFooterView.swift in Sources */,
				F0115EC627AFFE2300426E5A /* AchievementViewController.swift in Sources */,
				F022D9A4280ACC0D00D623B3 /* AchievementRepository.swift in Sources */,
				F022D9A6280ACD3800D623B3 /* EventListUseCase.swift in Sources */,
				F0115EB627AFEECF00426E5A /* MainViewController.swift in Sources */,
				F0115EB227AFEECF00426E5A /* AppDelegate.swift in Sources */,
				F09CE9502807DE0D006AA586 /* AchievementViewModel.swift in Sources */,
				F0115EB427AFEECF00426E5A /* SceneDelegate.swift in Sources */,
			);
			runOnlyForDeploymentPostprocessing = 0;
		};
/* End PBXSourcesBuildPhase section */

/* Begin PBXVariantGroup section */
		F0115EB727AFEECF00426E5A /* Main.storyboard */ = {
			isa = PBXVariantGroup;
			children = (
				F0115EB827AFEECF00426E5A /* Base */,
			);
			name = Main.storyboard;
			sourceTree = "<group>";
		};
		F0115EBC27AFEED000426E5A /* LaunchScreen.storyboard */ = {
			isa = PBXVariantGroup;
			children = (
				F0115EBD27AFEED000426E5A /* Base */,
			);
			name = LaunchScreen.storyboard;
			sourceTree = "<group>";
		};
/* End PBXVariantGroup section */

/* Begin XCBuildConfiguration section */
		F0115EC027AFEED000426E5A /* Debug */ = {
			isa = XCBuildConfiguration;
			buildSettings = {
				ALWAYS_SEARCH_USER_PATHS = NO;
				CLANG_ANALYZER_NONNULL = YES;
				CLANG_ANALYZER_NUMBER_OBJECT_CONVERSION = YES_AGGRESSIVE;
				CLANG_CXX_LANGUAGE_STANDARD = "gnu++17";
				CLANG_CXX_LIBRARY = "libc++";
				CLANG_ENABLE_MODULES = YES;
				CLANG_ENABLE_OBJC_ARC = YES;
				CLANG_ENABLE_OBJC_WEAK = YES;
				CLANG_WARN_BLOCK_CAPTURE_AUTORELEASING = YES;
				CLANG_WARN_BOOL_CONVERSION = YES;
				CLANG_WARN_COMMA = YES;
				CLANG_WARN_CONSTANT_CONVERSION = YES;
				CLANG_WARN_DEPRECATED_OBJC_IMPLEMENTATIONS = YES;
				CLANG_WARN_DIRECT_OBJC_ISA_USAGE = YES_ERROR;
				CLANG_WARN_DOCUMENTATION_COMMENTS = YES;
				CLANG_WARN_EMPTY_BODY = YES;
				CLANG_WARN_ENUM_CONVERSION = YES;
				CLANG_WARN_INFINITE_RECURSION = YES;
				CLANG_WARN_INT_CONVERSION = YES;
				CLANG_WARN_NON_LITERAL_NULL_CONVERSION = YES;
				CLANG_WARN_OBJC_IMPLICIT_RETAIN_SELF = YES;
				CLANG_WARN_OBJC_LITERAL_CONVERSION = YES;
				CLANG_WARN_OBJC_ROOT_CLASS = YES_ERROR;
				CLANG_WARN_QUOTED_INCLUDE_IN_FRAMEWORK_HEADER = YES;
				CLANG_WARN_RANGE_LOOP_ANALYSIS = YES;
				CLANG_WARN_STRICT_PROTOTYPES = YES;
				CLANG_WARN_SUSPICIOUS_MOVE = YES;
				CLANG_WARN_UNGUARDED_AVAILABILITY = YES_AGGRESSIVE;
				CLANG_WARN_UNREACHABLE_CODE = YES;
				CLANG_WARN__DUPLICATE_METHOD_MATCH = YES;
				COPY_PHASE_STRIP = NO;
				DEBUG_INFORMATION_FORMAT = dwarf;
				ENABLE_STRICT_OBJC_MSGSEND = YES;
				ENABLE_TESTABILITY = YES;
				GCC_C_LANGUAGE_STANDARD = gnu11;
				GCC_DYNAMIC_NO_PIC = NO;
				GCC_NO_COMMON_BLOCKS = YES;
				GCC_OPTIMIZATION_LEVEL = 0;
				GCC_PREPROCESSOR_DEFINITIONS = (
					"DEBUG=1",
					"$(inherited)",
				);
				GCC_WARN_64_TO_32_BIT_CONVERSION = YES;
				GCC_WARN_ABOUT_RETURN_TYPE = YES_ERROR;
				GCC_WARN_UNDECLARED_SELECTOR = YES;
				GCC_WARN_UNINITIALIZED_AUTOS = YES_AGGRESSIVE;
				GCC_WARN_UNUSED_FUNCTION = YES;
				GCC_WARN_UNUSED_VARIABLE = YES;
				IPHONEOS_DEPLOYMENT_TARGET = 14.0;
				MTL_ENABLE_DEBUG_INFO = INCLUDE_SOURCE;
				MTL_FAST_MATH = YES;
				ONLY_ACTIVE_ARCH = YES;
				SDKROOT = iphoneos;
				SWIFT_ACTIVE_COMPILATION_CONDITIONS = DEBUG;
				SWIFT_OPTIMIZATION_LEVEL = "-Onone";
			};
			name = Debug;
		};
		F0115EC127AFEED000426E5A /* Release */ = {
			isa = XCBuildConfiguration;
			buildSettings = {
				ALWAYS_SEARCH_USER_PATHS = NO;
				CLANG_ANALYZER_NONNULL = YES;
				CLANG_ANALYZER_NUMBER_OBJECT_CONVERSION = YES_AGGRESSIVE;
				CLANG_CXX_LANGUAGE_STANDARD = "gnu++17";
				CLANG_CXX_LIBRARY = "libc++";
				CLANG_ENABLE_MODULES = YES;
				CLANG_ENABLE_OBJC_ARC = YES;
				CLANG_ENABLE_OBJC_WEAK = YES;
				CLANG_WARN_BLOCK_CAPTURE_AUTORELEASING = YES;
				CLANG_WARN_BOOL_CONVERSION = YES;
				CLANG_WARN_COMMA = YES;
				CLANG_WARN_CONSTANT_CONVERSION = YES;
				CLANG_WARN_DEPRECATED_OBJC_IMPLEMENTATIONS = YES;
				CLANG_WARN_DIRECT_OBJC_ISA_USAGE = YES_ERROR;
				CLANG_WARN_DOCUMENTATION_COMMENTS = YES;
				CLANG_WARN_EMPTY_BODY = YES;
				CLANG_WARN_ENUM_CONVERSION = YES;
				CLANG_WARN_INFINITE_RECURSION = YES;
				CLANG_WARN_INT_CONVERSION = YES;
				CLANG_WARN_NON_LITERAL_NULL_CONVERSION = YES;
				CLANG_WARN_OBJC_IMPLICIT_RETAIN_SELF = YES;
				CLANG_WARN_OBJC_LITERAL_CONVERSION = YES;
				CLANG_WARN_OBJC_ROOT_CLASS = YES_ERROR;
				CLANG_WARN_QUOTED_INCLUDE_IN_FRAMEWORK_HEADER = YES;
				CLANG_WARN_RANGE_LOOP_ANALYSIS = YES;
				CLANG_WARN_STRICT_PROTOTYPES = YES;
				CLANG_WARN_SUSPICIOUS_MOVE = YES;
				CLANG_WARN_UNGUARDED_AVAILABILITY = YES_AGGRESSIVE;
				CLANG_WARN_UNREACHABLE_CODE = YES;
				CLANG_WARN__DUPLICATE_METHOD_MATCH = YES;
				COPY_PHASE_STRIP = NO;
				DEBUG_INFORMATION_FORMAT = "dwarf-with-dsym";
				ENABLE_NS_ASSERTIONS = NO;
				ENABLE_STRICT_OBJC_MSGSEND = YES;
				GCC_C_LANGUAGE_STANDARD = gnu11;
				GCC_NO_COMMON_BLOCKS = YES;
				GCC_WARN_64_TO_32_BIT_CONVERSION = YES;
				GCC_WARN_ABOUT_RETURN_TYPE = YES_ERROR;
				GCC_WARN_UNDECLARED_SELECTOR = YES;
				GCC_WARN_UNINITIALIZED_AUTOS = YES_AGGRESSIVE;
				GCC_WARN_UNUSED_FUNCTION = YES;
				GCC_WARN_UNUSED_VARIABLE = YES;
				IPHONEOS_DEPLOYMENT_TARGET = 14.0;
				MTL_ENABLE_DEBUG_INFO = NO;
				MTL_FAST_MATH = YES;
				SDKROOT = iphoneos;
				SWIFT_COMPILATION_MODE = wholemodule;
				SWIFT_OPTIMIZATION_LEVEL = "-O";
				VALIDATE_PRODUCT = YES;
			};
			name = Release;
		};
		F0115EC327AFEED000426E5A /* Debug */ = {
			isa = XCBuildConfiguration;
			baseConfigurationReference = 87F05804AFEAB155A2109547 /* Pods-RoutineMaker.debug.xcconfig */;
			buildSettings = {
				ASSETCATALOG_COMPILER_APPICON_NAME = AppIcon;
				ASSETCATALOG_COMPILER_GLOBAL_ACCENT_COLOR_NAME = AccentColor;
				CODE_SIGN_STYLE = Automatic;
				CURRENT_PROJECT_VERSION = 1;
				DEVELOPMENT_TEAM = PQCK7G4K6N;
				GENERATE_INFOPLIST_FILE = YES;
				INFOPLIST_FILE = RoutineMaker/Info.plist;
				INFOPLIST_KEY_UIApplicationSupportsIndirectInputEvents = YES;
				INFOPLIST_KEY_UILaunchStoryboardName = LaunchScreen;
				INFOPLIST_KEY_UIMainStoryboardFile = Main;
				INFOPLIST_KEY_UISupportedInterfaceOrientations_iPad = "UIInterfaceOrientationPortrait UIInterfaceOrientationPortraitUpsideDown UIInterfaceOrientationLandscapeLeft UIInterfaceOrientationLandscapeRight";
				INFOPLIST_KEY_UISupportedInterfaceOrientations_iPhone = "UIInterfaceOrientationPortrait UIInterfaceOrientationLandscapeLeft UIInterfaceOrientationLandscapeRight";
				LD_RUNPATH_SEARCH_PATHS = (
					"$(inherited)",
					"@executable_path/Frameworks",
				);
				MARKETING_VERSION = 1.0;
				PRODUCT_BUNDLE_IDENTIFIER = Lonnie.RoutineMaker;
				PRODUCT_NAME = "$(TARGET_NAME)";
				SWIFT_EMIT_LOC_STRINGS = YES;
				SWIFT_VERSION = 5.0;
				TARGETED_DEVICE_FAMILY = "1,2";
			};
			name = Debug;
		};
		F0115EC427AFEED000426E5A /* Release */ = {
			isa = XCBuildConfiguration;
			baseConfigurationReference = C2FB674E738971BF396DA742 /* Pods-RoutineMaker.release.xcconfig */;
			buildSettings = {
				ASSETCATALOG_COMPILER_APPICON_NAME = AppIcon;
				ASSETCATALOG_COMPILER_GLOBAL_ACCENT_COLOR_NAME = AccentColor;
				CODE_SIGN_STYLE = Automatic;
				CURRENT_PROJECT_VERSION = 1;
				DEVELOPMENT_TEAM = PQCK7G4K6N;
				GENERATE_INFOPLIST_FILE = YES;
				INFOPLIST_FILE = RoutineMaker/Info.plist;
				INFOPLIST_KEY_UIApplicationSupportsIndirectInputEvents = YES;
				INFOPLIST_KEY_UILaunchStoryboardName = LaunchScreen;
				INFOPLIST_KEY_UIMainStoryboardFile = Main;
				INFOPLIST_KEY_UISupportedInterfaceOrientations_iPad = "UIInterfaceOrientationPortrait UIInterfaceOrientationPortraitUpsideDown UIInterfaceOrientationLandscapeLeft UIInterfaceOrientationLandscapeRight";
				INFOPLIST_KEY_UISupportedInterfaceOrientations_iPhone = "UIInterfaceOrientationPortrait UIInterfaceOrientationLandscapeLeft UIInterfaceOrientationLandscapeRight";
				LD_RUNPATH_SEARCH_PATHS = (
					"$(inherited)",
					"@executable_path/Frameworks",
				);
				MARKETING_VERSION = 1.0;
				PRODUCT_BUNDLE_IDENTIFIER = Lonnie.RoutineMaker;
				PRODUCT_NAME = "$(TARGET_NAME)";
				SWIFT_EMIT_LOC_STRINGS = YES;
				SWIFT_VERSION = 5.0;
				TARGETED_DEVICE_FAMILY = "1,2";
			};
			name = Release;
		};
/* End XCBuildConfiguration section */

/* Begin XCConfigurationList section */
		F0115EA927AFEECF00426E5A /* Build configuration list for PBXProject "RoutineMaker" */ = {
			isa = XCConfigurationList;
			buildConfigurations = (
				F0115EC027AFEED000426E5A /* Debug */,
				F0115EC127AFEED000426E5A /* Release */,
			);
			defaultConfigurationIsVisible = 0;
			defaultConfigurationName = Release;
		};
		F0115EC227AFEED000426E5A /* Build configuration list for PBXNativeTarget "RoutineMaker" */ = {
			isa = XCConfigurationList;
			buildConfigurations = (
				F0115EC327AFEED000426E5A /* Debug */,
				F0115EC427AFEED000426E5A /* Release */,
			);
			defaultConfigurationIsVisible = 0;
			defaultConfigurationName = Release;
		};
/* End XCConfigurationList section */
	};
	rootObject = F0115EA627AFEECF00426E5A /* Project object */;
}
